
Microsoft Visual Studio Solution File, Format Version 12.00
# Visual Studio Version 17
VisualStudioVersion = 17.11.35327.3
MinimumVisualStudioVersion = 10.0.40219.1
Project("{8BC9CEB8-8B4A-11D0-8D11-00A0C91BC942}") = "actividad 4 unidad 3", "actividad 4 unidad 3\actividad 4 unidad 3.vcxproj", "{13C55D76-D4FE-4B97-B892-92F604925519}"
EndProject
Global
	GlobalSection(SolutionConfigurationPlatforms) = preSolution
		Debug|x64 = Debug|x64
		Debug|x86 = Debug|x86
		Release|x64 = Release|x64
		Release|x86 = Release|x86
	EndGlobalSection
	GlobalSection(ProjectConfigurationPlatforms) = postSolution
		{13C55D76-D4FE-4B97-B892-92F604925519}.Debug|x64.ActiveCfg = Debug|x64
		{13C55D76-D4FE-4B97-B892-92F604925519}.Debug|x64.Build.0 = Debug|x64
		{13C55D76-D4FE-4B97-B892-92F604925519}.Debug|x86.ActiveCfg = Debug|Win32
		{13C55D76-D4FE-4B97-B892-92F604925519}.Debug|x86.Build.0 = Debug|Win32
		{13C55D76-D4FE-4B97-B892-92F604925519}.Release|x64.ActiveCfg = Release|x64
		{13C55D76-D4FE-4B97-B892-92F604925519}.Release|x64.Build.0 = Release|x64
		{13C55D76-D4FE-4B97-B892-92F604925519}.Release|x86.ActiveCfg = Release|Win32
		{13C55D76-D4FE-4B97-B892-92F604925519}.Release|x86.Build.0 = Release|Win32
	EndGlobalSection
	GlobalSection(SolutionProperties) = preSolution
		HideSolutionNode = FALSE
	EndGlobalSection
	GlobalSection(ExtensibilityGlobals) = postSolution
		SolutionGuid = {47F3ABB2-E9D4-44A6-88CD-D383476FE9A7}
	EndGlobalSection
EndGlobal
